
Microsoft Visual Studio Solution File, Format Version 12.00
# Visual Studio Version 16
VisualStudioVersion = 16.0.30907.101
MinimumVisualStudioVersion = 10.0.40219.1
Project("{2150E333-8FDC-42A3-9474-1A3956D46DE8}") = "src", "src", "{BC920D89-B894-478E-8149-C14F554C8C46}"
EndProject
Project("{2150E333-8FDC-42A3-9474-1A3956D46DE8}") = "Web.API", "Web.API", "{182D3004-2E4B-40B1-8CE8-5918F9775B12}"
EndProject
Project("{2150E333-8FDC-42A3-9474-1A3956D46DE8}") = "Web.Client", "Web.Client", "{AD383BD4-895F-4187-A01D-8963006C3BAA}"
EndProject
Project("{2150E333-8FDC-42A3-9474-1A3956D46DE8}") = "tests", "tests", "{975FAC99-BD31-4246-BA24-3BB0E447C0FB}"
EndProject
Project("{FAE04EC0-301F-11D3-BF4B-00C04F79EFBC}") = "MyMusic.API", "MyMusic.API\MyMusic.API.csproj", "{B2BBD1EA-E650-4B63-A062-D1522049291D}"
EndProject
Project("{FAE04EC0-301F-11D3-BF4B-00C04F79EFBC}") = "MyMusic.Core", "MyMusic.Core\MyMusic.Core.csproj", "{A145672C-91E1-4856-ABC2-F5F803BBFB76}"
EndProject
Project("{FAE04EC0-301F-11D3-BF4B-00C04F79EFBC}") = "MyMusic.Services", "MyMusic.Services\MyMusic.Services.csproj", "{7D4EAE87-CF65-4FC7-9BB3-E49C62745CB6}"
EndProject
Project("{FAE04EC0-301F-11D3-BF4B-00C04F79EFBC}") = "MyMusic.Data", "MyMusic.Data\MyMusic.Data.csproj", "{292DAFD2-355C-4435-A772-DB3C2700BB45}"
EndProject
Project("{FAE04EC0-301F-11D3-BF4B-00C04F79EFBC}") = "MyMusic.Data.MongoDB", "MyMusic.Data.MongoDB\MyMusic.Data.MongoDB.csproj", "{BCA3CCFD-3B2E-427F-8974-7E5DFDF2D0B0}"
EndProject
Global
	GlobalSection(SolutionConfigurationPlatforms) = preSolution
		Debug|Any CPU = Debug|Any CPU
		Release|Any CPU = Release|Any CPU
	EndGlobalSection
	GlobalSection(ProjectConfigurationPlatforms) = postSolution
		{B2BBD1EA-E650-4B63-A062-D1522049291D}.Debug|Any CPU.ActiveCfg = Debug|Any CPU
		{B2BBD1EA-E650-4B63-A062-D1522049291D}.Debug|Any CPU.Build.0 = Debug|Any CPU
		{B2BBD1EA-E650-4B63-A062-D1522049291D}.Release|Any CPU.ActiveCfg = Release|Any CPU
		{B2BBD1EA-E650-4B63-A062-D1522049291D}.Release|Any CPU.Build.0 = Release|Any CPU
		{A145672C-91E1-4856-ABC2-F5F803BBFB76}.Debug|Any CPU.ActiveCfg = Debug|Any CPU
		{A145672C-91E1-4856-ABC2-F5F803BBFB76}.Debug|Any CPU.Build.0 = Debug|Any CPU
		{A145672C-91E1-4856-ABC2-F5F803BBFB76}.Release|Any CPU.ActiveCfg = Release|Any CPU
		{A145672C-91E1-4856-ABC2-F5F803BBFB76}.Release|Any CPU.Build.0 = Release|Any CPU
		{7D4EAE87-CF65-4FC7-9BB3-E49C62745CB6}.Debug|Any CPU.ActiveCfg = Debug|Any CPU
		{7D4EAE87-CF65-4FC7-9BB3-E49C62745CB6}.Debug|Any CPU.Build.0 = Debug|Any CPU
		{7D4EAE87-CF65-4FC7-9BB3-E49C62745CB6}.Release|Any CPU.ActiveCfg = Release|Any CPU
		{7D4EAE87-CF65-4FC7-9BB3-E49C62745CB6}.Release|Any CPU.Build.0 = Release|Any CPU
		{292DAFD2-355C-4435-A772-DB3C2700BB45}.Debug|Any CPU.ActiveCfg = Debug|Any CPU
		{292DAFD2-355C-4435-A772-DB3C2700BB45}.Debug|Any CPU.Build.0 = Debug|Any CPU
		{292DAFD2-355C-4435-A772-DB3C2700BB45}.Release|Any CPU.ActiveCfg = Release|Any CPU
		{292DAFD2-355C-4435-A772-DB3C2700BB45}.Release|Any CPU.Build.0 = Release|Any CPU
		{BCA3CCFD-3B2E-427F-8974-7E5DFDF2D0B0}.Debug|Any CPU.ActiveCfg = Debug|Any CPU
		{BCA3CCFD-3B2E-427F-8974-7E5DFDF2D0B0}.Debug|Any CPU.Build.0 = Debug|Any CPU
		{BCA3CCFD-3B2E-427F-8974-7E5DFDF2D0B0}.Release|Any CPU.ActiveCfg = Release|Any CPU
		{BCA3CCFD-3B2E-427F-8974-7E5DFDF2D0B0}.Release|Any CPU.Build.0 = Release|Any CPU
	EndGlobalSection
	GlobalSection(SolutionProperties) = preSolution
		HideSolutionNode = FALSE
	EndGlobalSection
	GlobalSection(NestedProjects) = preSolution
		{182D3004-2E4B-40B1-8CE8-5918F9775B12} = {BC920D89-B894-478E-8149-C14F554C8C46}
		{AD383BD4-895F-4187-A01D-8963006C3BAA} = {BC920D89-B894-478E-8149-C14F554C8C46}
		{B2BBD1EA-E650-4B63-A062-D1522049291D} = {182D3004-2E4B-40B1-8CE8-5918F9775B12}
		{A145672C-91E1-4856-ABC2-F5F803BBFB76} = {182D3004-2E4B-40B1-8CE8-5918F9775B12}
		{7D4EAE87-CF65-4FC7-9BB3-E49C62745CB6} = {182D3004-2E4B-40B1-8CE8-5918F9775B12}
		{292DAFD2-355C-4435-A772-DB3C2700BB45} = {182D3004-2E4B-40B1-8CE8-5918F9775B12}
		{BCA3CCFD-3B2E-427F-8974-7E5DFDF2D0B0} = {182D3004-2E4B-40B1-8CE8-5918F9775B12}
	EndGlobalSection
	GlobalSection(ExtensibilityGlobals) = postSolution
		SolutionGuid = {B6752750-E9B4-4638-AD9A-C2F87B13DA7B}
	EndGlobalSection
EndGlobal
